
Microsoft Visual Studio Solution File, Format Version 12.00
# Visual Studio Version 17
VisualStudioVersion = 17.2.32630.192
MinimumVisualStudioVersion = 10.0.40219.1
Project("{FAE04EC0-301F-11D3-BF4B-00C04F79EFBC}") = "MyStoreManager", "MyStoreManager.csproj", "{1C58CB78-E9A1-47FB-9FE7-57760566B59B}"
EndProject
Project("{FAE04EC0-301F-11D3-BF4B-00C04F79EFBC}") = "MSMControl", "..\MSMControl\MSMControl.csproj", "{732FFFAA-0677-4D1B-A2CA-99A3EC1639F3}"
EndProject
Project("{2150E333-8FDC-42A3-9474-1A3956D46DE8}") = "Solution Items", "Solution Items", "{DE5E602F-A144-4CE4-8A28-BBB584396899}"
	ProjectSection(SolutionItems) = preProject
		.editorconfig = .editorconfig
	EndProjectSection
EndProject
Project("{54435603-DBB4-11D2-8724-00A0C9A8B90C}") = "MyStoreManager_2.0", "..\..\MyStoreManager_2.0\MyStoreManager_2.0.vdproj", "{2C73D734-DBFD-4AEB-8ED6-3689EB950F26}"
EndProject
Global
	GlobalSection(SolutionConfigurationPlatforms) = preSolution
		Debug|Any CPU = Debug|Any CPU
		Release|Any CPU = Release|Any CPU
	EndGlobalSection
	GlobalSection(ProjectConfigurationPlatforms) = postSolution
		{1C58CB78-E9A1-47FB-9FE7-57760566B59B}.Debug|Any CPU.ActiveCfg = Debug|Any CPU
		{1C58CB78-E9A1-47FB-9FE7-57760566B59B}.Debug|Any CPU.Build.0 = Debug|Any CPU
		{1C58CB78-E9A1-47FB-9FE7-57760566B59B}.Release|Any CPU.ActiveCfg = Release|Any CPU
		{1C58CB78-E9A1-47FB-9FE7-57760566B59B}.Release|Any CPU.Build.0 = Release|Any CPU
		{732FFFAA-0677-4D1B-A2CA-99A3EC1639F3}.Debug|Any CPU.ActiveCfg = Debug|Any CPU
		{732FFFAA-0677-4D1B-A2CA-99A3EC1639F3}.Debug|Any CPU.Build.0 = Debug|Any CPU
		{732FFFAA-0677-4D1B-A2CA-99A3EC1639F3}.Release|Any CPU.ActiveCfg = Release|Any CPU
		{732FFFAA-0677-4D1B-A2CA-99A3EC1639F3}.Release|Any CPU.Build.0 = Release|Any CPU
		{2C73D734-DBFD-4AEB-8ED6-3689EB950F26}.Debug|Any CPU.ActiveCfg = Debug
		{2C73D734-DBFD-4AEB-8ED6-3689EB950F26}.Release|Any CPU.ActiveCfg = Release
	EndGlobalSection
	GlobalSection(SolutionProperties) = preSolution
		HideSolutionNode = FALSE
	EndGlobalSection
	GlobalSection(ExtensibilityGlobals) = postSolution
		SolutionGuid = {A9DE3843-FA04-443D-80E5-CAE60FA83000}
	EndGlobalSection
EndGlobal
